# This file is generated by running "yarn install" inside your project.
# Manual changes might be lost - proceed with caution!

__metadata:
  version: 4

"example-monorepo@workspace:.":
  version: 0.0.0-use.local
  resolution: "example-monorepo@workspace:."
  languageName: unknown
  linkType: soft

"pkg-1@workspace:packages/pkg-1":
  version: 0.0.0-use.local
  resolution: "pkg-1@workspace:packages/pkg-1"
  languageName: unknown
  linkType: soft

"pkg-2@^1.0.0, pkg-2@workspace:packages/pkg-2":
  version: 0.0.0-use.local
  resolution: "pkg-2@workspace:packages/pkg-2"
  languageName: unknown
  linkType: soft

"pkg-3@workspace:packages/pkg-3":
  version: 0.0.0-use.local
  resolution: "pkg-3@workspace:packages/pkg-3"
  dependencies:
    pkg-2: ^1.0.0
  languageName: unknown
  linkType: soft

"pkg-4@workspace:packages/pkg-4":
  version: 0.0.0-use.local
  resolution: "pkg-4@workspace:packages/pkg-4"
  languageName: unknown
  linkType: soft
